
Microsoft Visual Studio Solution File, Format Version 12.00
# Visual Studio 2012
Project("{FAE04EC0-301F-11D3-BF4B-00C04F79EFBC}") = "AppDoWhile3", "AppDoWhile3\AppDoWhile3.csproj", "{1364B249-D9E7-412F-80B9-FCD41EC8F832}"
EndProject
Global
	GlobalSection(SolutionConfigurationPlatforms) = preSolution
		Debug|Any CPU = Debug|Any CPU
		Release|Any CPU = Release|Any CPU
	EndGlobalSection
	GlobalSection(ProjectConfigurationPlatforms) = postSolution
		{1364B249-D9E7-412F-80B9-FCD41EC8F832}.Debug|Any CPU.ActiveCfg = Debug|Any CPU
		{1364B249-D9E7-412F-80B9-FCD41EC8F832}.Debug|Any CPU.Build.0 = Debug|Any CPU
		{1364B249-D9E7-412F-80B9-FCD41EC8F832}.Release|Any CPU.ActiveCfg = Release|Any CPU
		{1364B249-D9E7-412F-80B9-FCD41EC8F832}.Release|Any CPU.Build.0 = Release|Any CPU
	EndGlobalSection
	GlobalSection(SolutionProperties) = preSolution
		HideSolutionNode = FALSE
	EndGlobalSection
EndGlobal
